
Microsoft Visual Studio Solution File, Format Version 12.00
# Visual Studio 15
Project("{FAE04EC0-301F-11D3-BF4B-00C04F79EFBC}") = "Assembly-CSharp", "Assembly-CSharp.csproj", "{DED0AD55-DA71-99D7-174A-76E67BE998E3}"
EndProject
Project("{FAE04EC0-301F-11D3-BF4B-00C04F79EFBC}") = "Assembly-CSharp-Editor", "Assembly-CSharp-Editor.csproj", "{7411A8D2-FE9A-F291-B065-08C6565130DF}"
EndProject
Global
	GlobalSection(SolutionConfigurationPlatforms) = preSolution
		Debug|Any CPU = Debug|Any CPU
		Release|Any CPU = Release|Any CPU
	EndGlobalSection
	GlobalSection(ProjectConfigurationPlatforms) = postSolution
		{DED0AD55-DA71-99D7-174A-76E67BE998E3}.Debug|Any CPU.ActiveCfg = Debug|Any CPU
		{DED0AD55-DA71-99D7-174A-76E67BE998E3}.Debug|Any CPU.Build.0 = Debug|Any CPU
		{DED0AD55-DA71-99D7-174A-76E67BE998E3}.Release|Any CPU.ActiveCfg = Release|Any CPU
		{DED0AD55-DA71-99D7-174A-76E67BE998E3}.Release|Any CPU.Build.0 = Release|Any CPU
		{7411A8D2-FE9A-F291-B065-08C6565130DF}.Debug|Any CPU.ActiveCfg = Debug|Any CPU
		{7411A8D2-FE9A-F291-B065-08C6565130DF}.Debug|Any CPU.Build.0 = Debug|Any CPU
		{7411A8D2-FE9A-F291-B065-08C6565130DF}.Release|Any CPU.ActiveCfg = Release|Any CPU
		{7411A8D2-FE9A-F291-B065-08C6565130DF}.Release|Any CPU.Build.0 = Release|Any CPU
	EndGlobalSection
	GlobalSection(SolutionProperties) = preSolution
		HideSolutionNode = FALSE
	EndGlobalSection
EndGlobal
